# This file is automatically generated by rhiza. Do not edit it manually.
---
sha: 68e43ec8805decd8fb4480d51661fdc31e04edf3
repo: jebel-quant/rhiza
host: github
ref: v0.8.6
include: []
exclude: []
templates:
  - core
  - github
  - legal
  - tests
  - book
  - marimo
  - renovate
synced_at: '2026-03-06T06:06:40Z'
strategy: merge
